[[package]]
name = "argparse"
version = "1.4.0"
summary = "Python command-line parsing library"

[[package]]
name = "termcolor"
version = "2.1.1"
requires_python = ">=3.7"
summary = "ANSI color formatting for output in terminal"

[metadata]
lock_version = "4.1"
content_hash = "sha256:f95a4973de8a123adc6c1e800c318301e7b87b6d6f08a42e025d9fa760f96624"

[metadata.files]
"argparse 1.4.0" = [
    {url = "https://files.pythonhosted.org/packages/18/dd/e617cfc3f6210ae183374cd9f6a26b20514bbb5a792af97949c5aacddf0f/argparse-1.4.0.tar.gz", hash = "sha256:62b089a55be1d8949cd2bc7e0df0bddb9e028faefc8c32038cc84862aefdd6e4"},
    {url = "https://files.pythonhosted.org/packages/f2/94/3af39d34be01a24a6e65433d19e107099374224905f1e0cc6bbe1fd22a2f/argparse-1.4.0-py2.py3-none-any.whl", hash = "sha256:c31647edb69fd3d465a847ea3157d37bed1f95f19760b11a47aa91c04b666314"},
]
"termcolor 2.1.1" = [
    {url = "https://files.pythonhosted.org/packages/19/da/ff1f0906818a5bd2e69e773d88801ca3c9e92d0d7caa99db1665658819ea/termcolor-2.1.1.tar.gz", hash = "sha256:67cee2009adc6449c650f6bcf3bdeed00c8ba53a8cda5362733c53e0a39fb70b"},
    {url = "https://files.pythonhosted.org/packages/c3/23/16f4cdb09368524cd7cf47c2950663dd197a6c180cd5b6db01dcb65c5135/termcolor-2.1.1-py3-none-any.whl", hash = "sha256:fa852e957f97252205e105dd55bbc23b419a70fec0085708fc0515e399f304fd"},
]
